// !$*UTF8*$!
{
	archiveVersion = 1;
	classes = {
	};
	objectVersion = 60;
	objects = {

/* Begin PBXBuildFile section */
		704C54D12DA19E5500554C49 /* GoogleService-Info.plist in Resources */ = {isa = PBXBuildFile; fileRef = 704C54D02DA19E5500554C49 /* GoogleService-Info.plist */; };
		704C54D42DA19F7500554C49 /* FirebaseAuth in Frameworks */ = {isa = PBXBuildFile; productRef = 704C54D32DA19F7500554C49 /* FirebaseAuth */; };
		704C54D62DA19F7500554C49 /* FirebaseCore in Frameworks */ = {isa = PBXBuildFile; productRef = 704C54D52DA19F7500554C49 /* FirebaseCore */; };
		704C54D82DA19F7500554C49 /* FirebaseDatabase in Frameworks */ = {isa = PBXBuildFile; productRef = 704C54D72DA19F7500554C49 /* FirebaseDatabase */; };
		704C54DA2DA19F7500554C49 /* FirebaseFirestore in Frameworks */ = {isa = PBXBuildFile; productRef = 704C54D92DA19F7500554C49 /* FirebaseFirestore */; };
		7065CA972DA1437C00B43AE4 /* iShopApp.swift in Sources */ = {isa = PBXBuildFile; fileRef = 7065CA962DA1437C00B43AE4 /* iShopApp.swift */; };
		7065CA992DA1437C00B43AE4 /* FirstViewController.swift in Sources */ = {isa = PBXBuildFile; fileRef = 7065CA982DA1437C00B43AE4 /* FirstViewController.swift */; };
		7065CA9B2DA1437E00B43AE4 /* Assets.xcassets in Resources */ = {isa = PBXBuildFile; fileRef = 7065CA9A2DA1437E00B43AE4 /* Assets.xcassets */; };
		7065CA9E2DA1437E00B43AE4 /* Preview Assets.xcassets in Resources */ = {isa = PBXBuildFile; fileRef = 7065CA9D2DA1437E00B43AE4 /* Preview Assets.xcassets */; };
		7065CAA02DA1437E00B43AE4 /* Persistence.swift in Sources */ = {isa = PBXBuildFile; fileRef = 7065CA9F2DA1437E00B43AE4 /* Persistence.swift */; };
		7065CAA32DA1437E00B43AE4 /* iShop.xcdatamodeld in Sources */ = {isa = PBXBuildFile; fileRef = 7065CAA12DA1437E00B43AE4 /* iShop.xcdatamodeld */; };
/* End PBXBuildFile section */

/* Begin PBXFileReference section */
		704C54D02DA19E5500554C49 /* GoogleService-Info.plist */ = {isa = PBXFileReference; lastKnownFileType = text.plist.xml; path = "GoogleService-Info.plist"; sourceTree = "<group>"; };
		7065CA932DA1437C00B43AE4 /* iShop.app */ = {isa = PBXFileReference; explicitFileType = wrapper.application; includeInIndex = 0; path = iShop.app; sourceTree = BUILT_PRODUCTS_DIR; };
		7065CA962DA1437C00B43AE4 /* iShopApp.swift */ = {isa = PBXFileReference; lastKnownFileType = sourcecode.swift; path = iShopApp.swift; sourceTree = "<group>"; };
		7065CA982DA1437C00B43AE4 /* FirstViewController.swift */ = {isa = PBXFileReference; lastKnownFileType = sourcecode.swift; path = FirstViewController.swift; sourceTree = "<group>"; };
		7065CA9A2DA1437E00B43AE4 /* Assets.xcassets */ = {isa = PBXFileReference; lastKnownFileType = folder.assetcatalog; path = Assets.xcassets; sourceTree = "<group>"; };
		7065CA9D2DA1437E00B43AE4 /* Preview Assets.xcassets */ = {isa = PBXFileReference; lastKnownFileType = folder.assetcatalog; path = "Preview Assets.xcassets"; sourceTree = "<group>"; };
		7065CA9F2DA1437E00B43AE4 /* Persistence.swift */ = {isa = PBXFileReference; lastKnownFileType = sourcecode.swift; path = Persistence.swift; sourceTree = "<group>"; };
		7065CAA22DA1437E00B43AE4 /* iShop.xcdatamodel */ = {isa = PBXFileReference; lastKnownFileType = wrapper.xcdatamodel; path = iShop.xcdatamodel; sourceTree = "<group>"; };
/* End PBXFileReference section */

/* Begin PBXFrameworksBuildPhase section */
		7065CA902DA1437C00B43AE4 /* Frameworks */ = {
			isa = PBXFrameworksBuildPhase;
			buildActionMask = 2147483647;
			files = (
				704C54D82DA19F7500554C49 /* FirebaseDatabase in Frameworks */,
				704C54DA2DA19F7500554C49 /* FirebaseFirestore in Frameworks */,
				704C54D62DA19F7500554C49 /* FirebaseCore in Frameworks */,
				704C54D42DA19F7500554C49 /* FirebaseAuth in Frameworks */,
			);
			runOnlyForDeploymentPostprocessing = 0;
		};
/* End PBXFrameworksBuildPhase section */

/* Begin PBXGroup section */
		7065CA8A2DA1437C00B43AE4 = {
			isa = PBXGroup;
			children = (
				7065CA952DA1437C00B43AE4 /* iShop */,
				7065CA942DA1437C00B43AE4 /* Products */,
			);
			sourceTree = "<group>";
		};
		7065CA942DA1437C00B43AE4 /* Products */ = {
			isa = PBXGroup;
			children = (
				7065CA932DA1437C00B43AE4 /* iShop.app */,
			);
			name = Products;
			sourceTree = "<group>";
		};
		7065CA952DA1437C00B43AE4 /* iShop */ = {
			isa = PBXGroup;
			children = (
				7065CA962DA1437C00B43AE4 /* iShopApp.swift */,
				7065CA982DA1437C00B43AE4 /* FirstViewController.swift */,
				7065CA9A2DA1437E00B43AE4 /* Assets.xcassets */,
				7065CA9F2DA1437E00B43AE4 /* Persistence.swift */,
				7065CAA12DA1437E00B43AE4 /* iShop.xcdatamodeld */,
				704C54D02DA19E5500554C49 /* GoogleService-Info.plist */,
				7065CA9C2DA1437E00B43AE4 /* Preview Content */,
			);
			path = iShop;
			sourceTree = "<group>";
		};
		7065CA9C2DA1437E00B43AE4 /* Preview Content */ = {
			isa = PBXGroup;
			children = (
				7065CA9D2DA1437E00B43AE4 /* Preview Assets.xcassets */,
			);
			path = "Preview Content";
			sourceTree = "<group>";
		};
/* End PBXGroup section */

/* Begin PBXNativeTarget section */
		7065CA922DA1437C00B43AE4 /* iShop */ = {
			isa = PBXNativeTarget;
			buildConfigurationList = 7065CAA62DA1437E00B43AE4 /* Build configuration list for PBXNativeTarget "iShop" */;
			buildPhases = (
				7065CA8F2DA1437C00B43AE4 /* Sources */,
				7065CA902DA1437C00B43AE4 /* Frameworks */,
				7065CA912DA1437C00B43AE4 /* Resources */,
			);
			buildRules = (
			);
			dependencies = (
			);
			name = iShop;
			packageProductDependencies = (
				704C54D32DA19F7500554C49 /* FirebaseAuth */,
				704C54D52DA19F7500554C49 /* FirebaseCore */,
				704C54D72DA19F7500554C49 /* FirebaseDatabase */,
				704C54D92DA19F7500554C49 /* FirebaseFirestore */,
			);
			productName = iShop;
			productReference = 7065CA932DA1437C00B43AE4 /* iShop.app */;
			productType = "com.apple.product-type.application";
		};
/* End PBXNativeTarget section */

/* Begin PBXProject section */
		7065CA8B2DA1437C00B43AE4 /* Project object */ = {
			isa = PBXProject;
			attributes = {
				BuildIndependentTargetsInParallel = 1;
				LastSwiftUpdateCheck = 1600;
				LastUpgradeCheck = 1600;
				TargetAttributes = {
					7065CA922DA1437C00B43AE4 = {
						CreatedOnToolsVersion = 16.0;
					};
				};
			};
			buildConfigurationList = 7065CA8E2DA1437C00B43AE4 /* Build configuration list for PBXProject "iShop" */;
			compatibilityVersion = "Xcode 15.0";
			developmentRegion = en;
			hasScannedForEncodings = 0;
			knownRegions = (
				en,
				Base,
			);
			mainGroup = 7065CA8A2DA1437C00B43AE4;
			packageReferences = (
				704C54D22DA19EFB00554C49 /* XCRemoteSwiftPackageReference "firebase-ios-sdk" */,
			);
			productRefGroup = 7065CA942DA1437C00B43AE4 /* Products */;
			projectDirPath = "";
			projectRoot = "";
			targets = (
				7065CA922DA1437C00B43AE4 /* iShop */,
			);
		};
/* End PBXProject section */

/* Begin PBXResourcesBuildPhase section */
		7065CA912DA1437C00B43AE4 /* Resources */ = {
			isa = PBXResourcesBuildPhase;
			buildActionMask = 2147483647;
			files = (
				7065CA9E2DA1437E00B43AE4 /* Preview Assets.xcassets in Resources */,
				7065CA9B2DA1437E00B43AE4 /* Assets.xcassets in Resources */,
				704C54D12DA19E5500554C49 /* GoogleService-Info.plist in Resources */,
			);
			runOnlyForDeploymentPostprocessing = 0;
		};
/* End PBXResourcesBuildPhase section */

/* Begin PBXSourcesBuildPhase section */
		7065CA8F2DA1437C00B43AE4 /* Sources */ = {
			isa = PBXSourcesBuildPhase;
			buildActionMask = 2147483647;
			files = (
				7065CAA02DA1437E00B43AE4 /* Persistence.swift in Sources */,
				7065CAA32DA1437E00B43AE4 /* iShop.xcdatamodeld in Sources */,
				7065CA992DA1437C00B43AE4 /* FirstViewController.swift in Sources */,
				7065CA972DA1437C00B43AE4 /* iShopApp.swift in Sources */,
			);
			runOnlyForDeploymentPostprocessing = 0;
		};
/* End PBXSourcesBuildPhase section */

/* Begin XCBuildConfiguration section */
		7065CAA42DA1437E00B43AE4 /* Debug */ = {
			isa = XCBuildConfiguration;
			buildSettings = {
				ALWAYS_SEARCH_USER_PATHS = NO;
				ASSETCATALOG_COMPILER_GENERATE_SWIFT_ASSET_SYMBOL_EXTENSIONS = YES;
				CLANG_ANALYZER_NONNULL = YES;
				CLANG_ANALYZER_NUMBER_OBJECT_CONVERSION = YES_AGGRESSIVE;
				CLANG_CXX_LANGUAGE_STANDARD = "gnu++20";
				CLANG_ENABLE_MODULES = YES;
				CLANG_ENABLE_OBJC_ARC = YES;
				CLANG_ENABLE_OBJC_WEAK = YES;
				CLANG_WARN_BLOCK_CAPTURE_AUTORELEASING = YES;
				CLANG_WARN_BOOL_CONVERSION = YES;
				CLANG_WARN_COMMA = YES;
				CLANG_WARN_CONSTANT_CONVERSION = YES;
				CLANG_WARN_DEPRECATED_OBJC_IMPLEMENTATIONS = YES;
				CLANG_WARN_DIRECT_OBJC_ISA_USAGE = YES_ERROR;
				CLANG_WARN_DOCUMENTATION_COMMENTS = YES;
				CLANG_WARN_EMPTY_BODY = YES;
				CLANG_WARN_ENUM_CONVERSION = YES;
				CLANG_WARN_INFINITE_RECURSION = YES;
				CLANG_WARN_INT_CONVERSION = YES;
				CLANG_WARN_NON_LITERAL_NULL_CONVERSION = YES;
				CLANG_WARN_OBJC_IMPLICIT_RETAIN_SELF = YES;
				CLANG_WARN_OBJC_LITERAL_CONVERSION = YES;
				CLANG_WARN_OBJC_ROOT_CLASS = YES_ERROR;
				CLANG_WARN_QUOTED_INCLUDE_IN_FRAMEWORK_HEADER = YES;
				CLANG_WARN_RANGE_LOOP_ANALYSIS = YES;
				CLANG_WARN_STRICT_PROTOTYPES = YES;
				CLANG_WARN_SUSPICIOUS_MOVE = YES;
				CLANG_WARN_UNGUARDED_AVAILABILITY = YES_AGGRESSIVE;
				CLANG_WARN_UNREACHABLE_CODE = YES;
				CLANG_WARN__DUPLICATE_METHOD_MATCH = YES;
				COPY_PHASE_STRIP = NO;
				DEBUG_INFORMATION_FORMAT = dwarf;
				ENABLE_STRICT_OBJC_MSGSEND = YES;
				ENABLE_TESTABILITY = YES;
				ENABLE_USER_SCRIPT_SANDBOXING = YES;
				GCC_C_LANGUAGE_STANDARD = gnu17;
				GCC_DYNAMIC_NO_PIC = NO;
				GCC_NO_COMMON_BLOCKS = YES;
				GCC_OPTIMIZATION_LEVEL = 0;
				GCC_PREPROCESSOR_DEFINITIONS = (
					"DEBUG=1",
					"$(inherited)",
				);
				GCC_WARN_64_TO_32_BIT_CONVERSION = YES;
				GCC_WARN_ABOUT_RETURN_TYPE = YES_ERROR;
				GCC_WARN_UNDECLARED_SELECTOR = YES;
				GCC_WARN_UNINITIALIZED_AUTOS = YES_AGGRESSIVE;
				GCC_WARN_UNUSED_FUNCTION = YES;
				GCC_WARN_UNUSED_VARIABLE = YES;
				IPHONEOS_DEPLOYMENT_TARGET = 18.0;
				LOCALIZATION_PREFERS_STRING_CATALOGS = YES;
				MTL_ENABLE_DEBUG_INFO = INCLUDE_SOURCE;
				MTL_FAST_MATH = YES;
				ONLY_ACTIVE_ARCH = YES;
				SDKROOT = iphoneos;
				SWIFT_ACTIVE_COMPILATION_CONDITIONS = "DEBUG $(inherited)";
				SWIFT_OPTIMIZATION_LEVEL = "-Onone";
			};
			name = Debug;
		};
		7065CAA52DA1437E00B43AE4 /* Release */ = {
			isa = XCBuildConfiguration;
			buildSettings = {
				ALWAYS_SEARCH_USER_PATHS = NO;
				ASSETCATALOG_COMPILER_GENERATE_SWIFT_ASSET_SYMBOL_EXTENSIONS = YES;
				CLANG_ANALYZER_NONNULL = YES;
				CLANG_ANALYZER_NUMBER_OBJECT_CONVERSION = YES_AGGRESSIVE;
				CLANG_CXX_LANGUAGE_STANDARD = "gnu++20";
				CLANG_ENABLE_MODULES = YES;
				CLANG_ENABLE_OBJC_ARC = YES;
				CLANG_ENABLE_OBJC_WEAK = YES;
				CLANG_WARN_BLOCK_CAPTURE_AUTORELEASING = YES;
				CLANG_WARN_BOOL_CONVERSION = YES;
				CLANG_WARN_COMMA = YES;
				CLANG_WARN_CONSTANT_CONVERSION = YES;
				CLANG_WARN_DEPRECATED_OBJC_IMPLEMENTATIONS = YES;
				CLANG_WARN_DIRECT_OBJC_ISA_USAGE = YES_ERROR;
				CLANG_WARN_DOCUMENTATION_COMMENTS = YES;
				CLANG_WARN_EMPTY_BODY = YES;
				CLANG_WARN_ENUM_CONVERSION = YES;
				CLANG_WARN_INFINITE_RECURSION = YES;
				CLANG_WARN_INT_CONVERSION = YES;
				CLANG_WARN_NON_LITERAL_NULL_CONVERSION = YES;
				CLANG_WARN_OBJC_IMPLICIT_RETAIN_SELF = YES;
				CLANG_WARN_OBJC_LITERAL_CONVERSION = YES;
				CLANG_WARN_OBJC_ROOT_CLASS = YES_ERROR;
				CLANG_WARN_QUOTED_INCLUDE_IN_FRAMEWORK_HEADER = YES;
				CLANG_WARN_RANGE_LOOP_ANALYSIS = YES;
				CLANG_WARN_STRICT_PROTOTYPES = YES;
				CLANG_WARN_SUSPICIOUS_MOVE = YES;
				CLANG_WARN_UNGUARDED_AVAILABILITY = YES_AGGRESSIVE;
				CLANG_WARN_UNREACHABLE_CODE = YES;
				CLANG_WARN__DUPLICATE_METHOD_MATCH = YES;
				COPY_PHASE_STRIP = NO;
				DEBUG_INFORMATION_FORMAT = "dwarf-with-dsym";
				ENABLE_NS_ASSERTIONS = NO;
				ENABLE_STRICT_OBJC_MSGSEND = YES;
				ENABLE_USER_SCRIPT_SANDBOXING = YES;
				GCC_C_LANGUAGE_STANDARD = gnu17;
				GCC_NO_COMMON_BLOCKS = YES;
				GCC_WARN_64_TO_32_BIT_CONVERSION = YES;
				GCC_WARN_ABOUT_RETURN_TYPE = YES_ERROR;
				GCC_WARN_UNDECLARED_SELECTOR = YES;
				GCC_WARN_UNINITIALIZED_AUTOS = YES_AGGRESSIVE;
				GCC_WARN_UNUSED_FUNCTION = YES;
				GCC_WARN_UNUSED_VARIABLE = YES;
				IPHONEOS_DEPLOYMENT_TARGET = 18.0;
				LOCALIZATION_PREFERS_STRING_CATALOGS = YES;
				MTL_ENABLE_DEBUG_INFO = NO;
				MTL_FAST_MATH = YES;
				SDKROOT = iphoneos;
				SWIFT_COMPILATION_MODE = wholemodule;
				VALIDATE_PRODUCT = YES;
			};
			name = Release;
		};
		7065CAA72DA1437E00B43AE4 /* Debug */ = {
			isa = XCBuildConfiguration;
			buildSettings = {
				ASSETCATALOG_COMPILER_APPICON_NAME = AppIcon;
				ASSETCATALOG_COMPILER_GLOBAL_ACCENT_COLOR_NAME = AccentColor;
				CODE_SIGN_STYLE = Automatic;
				CURRENT_PROJECT_VERSION = 1;
				DEVELOPMENT_ASSET_PATHS = "\"iShop/Preview Content\"";
				DEVELOPMENT_TEAM = GX9AAGRS2C;
				ENABLE_PREVIEWS = YES;
				GENERATE_INFOPLIST_FILE = YES;
				INFOPLIST_KEY_UIApplicationSceneManifest_Generation = YES;
				INFOPLIST_KEY_UIApplicationSupportsIndirectInputEvents = YES;
				INFOPLIST_KEY_UILaunchScreen_Generation = YES;
				INFOPLIST_KEY_UISupportedInterfaceOrientations_iPad = "UIInterfaceOrientationPortrait UIInterfaceOrientationPortraitUpsideDown UIInterfaceOrientationLandscapeLeft UIInterfaceOrientationLandscapeRight";
				INFOPLIST_KEY_UISupportedInterfaceOrientations_iPhone = "UIInterfaceOrientationPortrait UIInterfaceOrientationLandscapeLeft UIInterfaceOrientationLandscapeRight";
				LD_RUNPATH_SEARCH_PATHS = (
					"$(inherited)",
					"@executable_path/Frameworks",
				);
				MARKETING_VERSION = 1.0;
				PRODUCT_BUNDLE_IDENTIFIER = com.sol0vanti.swiftui.iShop;
				PRODUCT_NAME = "$(TARGET_NAME)";
				SWIFT_EMIT_LOC_STRINGS = YES;
				SWIFT_VERSION = 5.0;
				TARGETED_DEVICE_FAMILY = "1,2";
			};
			name = Debug;
		};
		7065CAA82DA1437E00B43AE4 /* Release */ = {
			isa = XCBuildConfiguration;
			buildSettings = {
				ASSETCATALOG_COMPILER_APPICON_NAME = AppIcon;
				ASSETCATALOG_COMPILER_GLOBAL_ACCENT_COLOR_NAME = AccentColor;
				CODE_SIGN_STYLE = Automatic;
				CURRENT_PROJECT_VERSION = 1;
				DEVELOPMENT_ASSET_PATHS = "\"iShop/Preview Content\"";
				DEVELOPMENT_TEAM = GX9AAGRS2C;
				ENABLE_PREVIEWS = YES;
				GENERATE_INFOPLIST_FILE = YES;
				INFOPLIST_KEY_UIApplicationSceneManifest_Generation = YES;
				INFOPLIST_KEY_UIApplicationSupportsIndirectInputEvents = YES;
				INFOPLIST_KEY_UILaunchScreen_Generation = YES;
				INFOPLIST_KEY_UISupportedInterfaceOrientations_iPad = "UIInterfaceOrientationPortrait UIInterfaceOrientationPortraitUpsideDown UIInterfaceOrientationLandscapeLeft UIInterfaceOrientationLandscapeRight";
				INFOPLIST_KEY_UISupportedInterfaceOrientations_iPhone = "UIInterfaceOrientationPortrait UIInterfaceOrientationLandscapeLeft UIInterfaceOrientationLandscapeRight";
				LD_RUNPATH_SEARCH_PATHS = (
					"$(inherited)",
					"@executable_path/Frameworks",
				);
				MARKETING_VERSION = 1.0;
				PRODUCT_BUNDLE_IDENTIFIER = com.sol0vanti.swiftui.iShop;
				PRODUCT_NAME = "$(TARGET_NAME)";
				SWIFT_EMIT_LOC_STRINGS = YES;
				SWIFT_VERSION = 5.0;
				TARGETED_DEVICE_FAMILY = "1,2";
			};
			name = Release;
		};
/* End XCBuildConfiguration section */

/* Begin XCConfigurationList section */
		7065CA8E2DA1437C00B43AE4 /* Build configuration list for PBXProject "iShop" */ = {
			isa = XCConfigurationList;
			buildConfigurations = (
				7065CAA42DA1437E00B43AE4 /* Debug */,
				7065CAA52DA1437E00B43AE4 /* Release */,
			);
			defaultConfigurationIsVisible = 0;
			defaultConfigurationName = Release;
		};
		7065CAA62DA1437E00B43AE4 /* Build configuration list for PBXNativeTarget "iShop" */ = {
			isa = XCConfigurationList;
			buildConfigurations = (
				7065CAA72DA1437E00B43AE4 /* Debug */,
				7065CAA82DA1437E00B43AE4 /* Release */,
			);
			defaultConfigurationIsVisible = 0;
			defaultConfigurationName = Release;
		};
/* End XCConfigurationList section */

/* Begin XCRemoteSwiftPackageReference section */
		704C54D22DA19EFB00554C49 /* XCRemoteSwiftPackageReference "firebase-ios-sdk" */ = {
			isa = XCRemoteSwiftPackageReference;
			repositoryURL = "https://github.com/firebase/firebase-ios-sdk.git";
			requirement = {
				kind = upToNextMajorVersion;
				minimumVersion = 11.11.0;
			};
		};
/* End XCRemoteSwiftPackageReference section */

/* Begin XCSwiftPackageProductDependency section */
		704C54D32DA19F7500554C49 /* FirebaseAuth */ = {
			isa = XCSwiftPackageProductDependency;
			package = 704C54D22DA19EFB00554C49 /* XCRemoteSwiftPackageReference "firebase-ios-sdk" */;
			productName = FirebaseAuth;
		};
		704C54D52DA19F7500554C49 /* FirebaseCore */ = {
			isa = XCSwiftPackageProductDependency;
			package = 704C54D22DA19EFB00554C49 /* XCRemoteSwiftPackageReference "firebase-ios-sdk" */;
			productName = FirebaseCore;
		};
		704C54D72DA19F7500554C49 /* FirebaseDatabase */ = {
			isa = XCSwiftPackageProductDependency;
			package = 704C54D22DA19EFB00554C49 /* XCRemoteSwiftPackageReference "firebase-ios-sdk" */;
			productName = FirebaseDatabase;
		};
		704C54D92DA19F7500554C49 /* FirebaseFirestore */ = {
			isa = XCSwiftPackageProductDependency;
			package = 704C54D22DA19EFB00554C49 /* XCRemoteSwiftPackageReference "firebase-ios-sdk" */;
			productName = FirebaseFirestore;
		};
/* End XCSwiftPackageProductDependency section */

/* Begin XCVersionGroup section */
		7065CAA12DA1437E00B43AE4 /* iShop.xcdatamodeld */ = {
			isa = XCVersionGroup;
			children = (
				7065CAA22DA1437E00B43AE4 /* iShop.xcdatamodel */,
			);
			currentVersion = 7065CAA22DA1437E00B43AE4 /* iShop.xcdatamodel */;
			path = iShop.xcdatamodeld;
			sourceTree = "<group>";
			versionGroupType = wrapper.xcdatamodel;
		};
/* End XCVersionGroup section */
	};
	rootObject = 7065CA8B2DA1437C00B43AE4 /* Project object */;
}
